{
  "version": "5",
  "specifiers": {
    "jsr:@hono/hono@^4.12.29": "4.12.29"
  },
  "jsr": {
    "@hono/hono@4.12.29": {
      "integrity": "1826f31cd0026466cdeb3527c4abdcbe2125636dc617b490792451c1360cafde"
    }
  },
  "workspace": {
    "dependencies": [
      "jsr:@hono/hono@^4.12.29"
    ]
  }
}
