{
  "version": "5",
  "specifiers": {
    "jsr:@hono/hono@^4.12.30": "4.12.30"
  },
  "jsr": {
    "@hono/hono@4.12.30": {
      "integrity": "cd8e61aedab7e765e4e262728273ee0fdea3bc667af5eb6badd2772223b544fc"
    }
  },
  "workspace": {
    "dependencies": [
      "jsr:@hono/hono@^4.12.30"
    ]
  }
}
