{
  "version": "5",
  "specifiers": {
    "jsr:@hono/hono@^4.12.28": "4.12.28"
  },
  "jsr": {
    "@hono/hono@4.12.28": {
      "integrity": "4f109a4673ee3131191be485affc98131508d8fcf5621ffa24775f4205526d92"
    }
  },
  "workspace": {
    "dependencies": [
      "jsr:@hono/hono@^4.12.28"
    ]
  }
}
